{
    "name": "com.example.hello",
    "version": "1.0.0",
    "lockfileVersion": 1,
    "requires": true,
    "dependencies": {
        "cordova-admob-sdk": {
            "version": "0.20.0",
            "resolved": "https://registry.npmjs.org/cordova-admob-sdk/-/cordova-admob-sdk-0.20.0.tgz",
            "integrity": "sha512-+NOC8z91m/qWNmjYBnzAAAYlR6nbACLtA+Z2SEM0fEjqf3FUNkIDAcDHL9nChCm8g+nPr7wo5IaDFaF4zvr23g=="
        },
        "cordova-plugin-audioinput": {
            "version": "1.0.1",
            "resolved": "https://registry.npmjs.org/cordova-plugin-audioinput/-/cordova-plugin-audioinput-1.0.1.tgz",
            "integrity": "sha512-CUCaI0mBQWHAJmF9/4n9cPk7D9y7+Iot1K2JA/7UgJouyao1i2bvLFIkIjF14x+vlfD/mhgvAs0Y9nsUcdWmqA=="
        }
    }
}
